// !$*UTF8*$!
{
	archiveVersion = 1;
	classes = {
	};
	objectVersion = 46;
	objects = {

/* Begin PBXBuildFile section */
		4AB200AC18BC195900EBAD27 /* main.cpp in Sources */ = {isa = PBXBuildFile; fileRef = 4AB200AB18BC195900EBAD27 /* main.cpp */; };
		4AB200B918BC7D2300EBAD27 /* sub.cpp in Sources */ = {isa = PBXBuildFile; fileRef = 4AB200B818BC7D2300EBAD27 /* sub.cpp */; };
/* End PBXBuildFile section */

/* Begin PBXCopyFilesBuildPhase section */
		4AB200A618BC195900EBAD27 /* CopyFiles */ = {
			isa = PBXCopyFilesBuildPhase;
			buildActionMask = 2147483647;
			dstPath = /usr/share/man/man1/;
			dstSubfolderSpec = 0;
			files = (
			);
			runOnlyForDeploymentPostprocessing = 1;
		};
/* End PBXCopyFilesBuildPhase section */

/* Begin PBXFileReference section */
		4AB200A818BC195900EBAD27 /* PtrTest */ = {isa = PBXFileReference; explicitFileType = "compiled.mach-o.executable"; includeInIndex = 0; path = PtrTest; sourceTree = BUILT_PRODUCTS_DIR; };
		4AB200AB18BC195900EBAD27 /* main.cpp */ = {isa = PBXFileReference; lastKnownFileType = sourcecode.cpp.cpp; path = main.cpp; sourceTree = "<group>"; };
		4AB200B618BC199400EBAD27 /* Ptr.h */ = {isa = PBXFileReference; fileEncoding = 4; lastKnownFileType = sourcecode.c.h; path = Ptr.h; sourceTree = "<group>"; };
		4AB200B818BC7D2300EBAD27 /* sub.cpp */ = {isa = PBXFileReference; fileEncoding = 4; lastKnownFileType = sourcecode.cpp.cpp; path = sub.cpp; sourceTree = "<group>"; };
/* End PBXFileReference section */

/* Begin PBXFrameworksBuildPhase section */
		4AB200A518BC195900EBAD27 /* Frameworks */ = {
			isa = PBXFrameworksBuildPhase;
			buildActionMask = 2147483647;
			files = (
			);
			runOnlyForDeploymentPostprocessing = 0;
		};
/* End PBXFrameworksBuildPhase section */

/* Begin PBXGroup section */
		4AB2009F18BC195900EBAD27 = {
			isa = PBXGroup;
			children = (
				4AB200B418BC198800EBAD27 /* Ptr */,
				4AB200AA18BC195900EBAD27 /* PtrTest */,
				4AB200A918BC195900EBAD27 /* Products */,
			);
			sourceTree = "<group>";
		};
		4AB200A918BC195900EBAD27 /* Products */ = {
			isa = PBXGroup;
			children = (
				4AB200A818BC195900EBAD27 /* PtrTest */,
			);
			name = Products;
			sourceTree = "<group>";
		};
		4AB200AA18BC195900EBAD27 /* PtrTest */ = {
			isa = PBXGroup;
			children = (
				4AB200AB18BC195900EBAD27 /* main.cpp */,
				4AB200B818BC7D2300EBAD27 /* sub.cpp */,
			);
			path = PtrTest;
			sourceTree = "<group>";
		};
		4AB200B418BC198800EBAD27 /* Ptr */ = {
			isa = PBXGroup;
			children = (
				4AB200B618BC199400EBAD27 /* Ptr.h */,
			);
			path = Ptr;
			sourceTree = "<group>";
		};
/* End PBXGroup section */

/* Begin PBXNativeTarget section */
		4AB200A718BC195900EBAD27 /* PtrTest */ = {
			isa = PBXNativeTarget;
			buildConfigurationList = 4AB200B118BC195900EBAD27 /* Build configuration list for PBXNativeTarget "PtrTest" */;
			buildPhases = (
				4AB200A418BC195900EBAD27 /* Sources */,
				4AB200A518BC195900EBAD27 /* Frameworks */,
				4AB200A618BC195900EBAD27 /* CopyFiles */,
			);
			buildRules = (
			);
			dependencies = (
			);
			name = PtrTest;
			productName = PtrTest;
			productReference = 4AB200A818BC195900EBAD27 /* PtrTest */;
			productType = "com.apple.product-type.tool";
		};
/* End PBXNativeTarget section */

/* Begin PBXProject section */
		4AB200A018BC195900EBAD27 /* Project object */ = {
			isa = PBXProject;
			attributes = {
				LastUpgradeCheck = 0500;
				ORGANIZATIONNAME = Qoncept;
			};
			buildConfigurationList = 4AB200A318BC195900EBAD27 /* Build configuration list for PBXProject "PtrTest" */;
			compatibilityVersion = "Xcode 3.2";
			developmentRegion = English;
			hasScannedForEncodings = 0;
			knownRegions = (
				en,
			);
			mainGroup = 4AB2009F18BC195900EBAD27;
			productRefGroup = 4AB200A918BC195900EBAD27 /* Products */;
			projectDirPath = "";
			projectRoot = "";
			targets = (
				4AB200A718BC195900EBAD27 /* PtrTest */,
			);
		};
/* End PBXProject section */

/* Begin PBXSourcesBuildPhase section */
		4AB200A418BC195900EBAD27 /* Sources */ = {
			isa = PBXSourcesBuildPhase;
			buildActionMask = 2147483647;
			files = (
				4AB200B918BC7D2300EBAD27 /* sub.cpp in Sources */,
				4AB200AC18BC195900EBAD27 /* main.cpp in Sources */,
			);
			runOnlyForDeploymentPostprocessing = 0;
		};
/* End PBXSourcesBuildPhase section */

/* Begin XCBuildConfiguration section */
		4AB200AF18BC195900EBAD27 /* Debug */ = {
			isa = XCBuildConfiguration;
			buildSettings = {
				ALWAYS_SEARCH_USER_PATHS = NO;
				CLANG_CXX_LANGUAGE_STANDARD = "gnu++0x";
				CLANG_CXX_LIBRARY = "libc++";
				CLANG_ENABLE_OBJC_ARC = YES;
				CLANG_WARN_BOOL_CONVERSION = YES;
				CLANG_WARN_CONSTANT_CONVERSION = YES;
				CLANG_WARN_DIRECT_OBJC_ISA_USAGE = YES_ERROR;
				CLANG_WARN_EMPTY_BODY = YES;
				CLANG_WARN_ENUM_CONVERSION = YES;
				CLANG_WARN_INT_CONVERSION = YES;
				CLANG_WARN_OBJC_ROOT_CLASS = YES_ERROR;
				CLANG_WARN__DUPLICATE_METHOD_MATCH = YES;
				COPY_PHASE_STRIP = NO;
				GCC_C_LANGUAGE_STANDARD = gnu99;
				GCC_DYNAMIC_NO_PIC = NO;
				GCC_ENABLE_OBJC_EXCEPTIONS = YES;
				GCC_OPTIMIZATION_LEVEL = 0;
				GCC_PREPROCESSOR_DEFINITIONS = (
					"DEBUG=1",
					"$(inherited)",
				);
				GCC_SYMBOLS_PRIVATE_EXTERN = NO;
				GCC_WARN_64_TO_32_BIT_CONVERSION = YES;
				GCC_WARN_ABOUT_RETURN_TYPE = YES_ERROR;
				GCC_WARN_UNDECLARED_SELECTOR = YES;
				GCC_WARN_UNINITIALIZED_AUTOS = YES;
				GCC_WARN_UNUSED_FUNCTION = YES;
				GCC_WARN_UNUSED_VARIABLE = YES;
				MACOSX_DEPLOYMENT_TARGET = 10.8;
				ONLY_ACTIVE_ARCH = YES;
				SDKROOT = macosx;
			};
			name = Debug;
		};
		4AB200B018BC195900EBAD27 /* Release */ = {
			isa = XCBuildConfiguration;
			buildSettings = {
				ALWAYS_SEARCH_USER_PATHS = NO;
				CLANG_CXX_LANGUAGE_STANDARD = "gnu++0x";
				CLANG_CXX_LIBRARY = "libc++";
				CLANG_ENABLE_OBJC_ARC = YES;
				CLANG_WARN_BOOL_CONVERSION = YES;
				CLANG_WARN_CONSTANT_CONVERSION = YES;
				CLANG_WARN_DIRECT_OBJC_ISA_USAGE = YES_ERROR;
				CLANG_WARN_EMPTY_BODY = YES;
				CLANG_WARN_ENUM_CONVERSION = YES;
				CLANG_WARN_INT_CONVERSION = YES;
				CLANG_WARN_OBJC_ROOT_CLASS = YES_ERROR;
				CLANG_WARN__DUPLICATE_METHOD_MATCH = YES;
				COPY_PHASE_STRIP = YES;
				DEBUG_INFORMATION_FORMAT = "dwarf-with-dsym";
				ENABLE_NS_ASSERTIONS = NO;
				GCC_C_LANGUAGE_STANDARD = gnu99;
				GCC_ENABLE_OBJC_EXCEPTIONS = YES;
				GCC_WARN_64_TO_32_BIT_CONVERSION = YES;
				GCC_WARN_ABOUT_RETURN_TYPE = YES_ERROR;
				GCC_WARN_UNDECLARED_SELECTOR = YES;
				GCC_WARN_UNINITIALIZED_AUTOS = YES;
				GCC_WARN_UNUSED_FUNCTION = YES;
				GCC_WARN_UNUSED_VARIABLE = YES;
				MACOSX_DEPLOYMENT_TARGET = 10.8;
				SDKROOT = macosx;
			};
			name = Release;
		};
		4AB200B218BC195900EBAD27 /* Debug */ = {
			isa = XCBuildConfiguration;
			buildSettings = {
				PRODUCT_NAME = "$(TARGET_NAME)";
			};
			name = Debug;
		};
		4AB200B318BC195900EBAD27 /* Release */ = {
			isa = XCBuildConfiguration;
			buildSettings = {
				PRODUCT_NAME = "$(TARGET_NAME)";
			};
			name = Release;
		};
/* End XCBuildConfiguration section */

/* Begin XCConfigurationList section */
		4AB200A318BC195900EBAD27 /* Build configuration list for PBXProject "PtrTest" */ = {
			isa = XCConfigurationList;
			buildConfigurations = (
				4AB200AF18BC195900EBAD27 /* Debug */,
				4AB200B018BC195900EBAD27 /* Release */,
			);
			defaultConfigurationIsVisible = 0;
			defaultConfigurationName = Release;
		};
		4AB200B118BC195900EBAD27 /* Build configuration list for PBXNativeTarget "PtrTest" */ = {
			isa = XCConfigurationList;
			buildConfigurations = (
				4AB200B218BC195900EBAD27 /* Debug */,
				4AB200B318BC195900EBAD27 /* Release */,
			);
			defaultConfigurationIsVisible = 0;
		};
/* End XCConfigurationList section */
	};
	rootObject = 4AB200A018BC195900EBAD27 /* Project object */;
}
